
Microsoft Visual Studio Solution File, Format Version 12.00
# Visual Studio Version 16
VisualStudioVersion = 16.0.29418.71
MinimumVisualStudioVersion = 10.0.40219.1
Project("{9A19103F-16F7-4668-BE54-9A1E7A4F7556}") = "P01_HospitalDatabase", "P01_HospitalDatabase\P01_HospitalDatabase.csproj", "{C2312B34-85F9-4D01-AEB7-7881D08472D1}"
EndProject
Project("{FAE04EC0-301F-11D3-BF4B-00C04F79EFBC}") = "P03_SalesDatabase", "P03_SalesDatabase\P03_SalesDatabase.csproj", "{1AE5DFBA-DF46-49D9-BFD2-2A35E513059F}"
EndProject
Global
	GlobalSection(SolutionConfigurationPlatforms) = preSolution
		Debug|Any CPU = Debug|Any CPU
		Release|Any CPU = Release|Any CPU
	EndGlobalSection
	GlobalSection(ProjectConfigurationPlatforms) = postSolution
		{C2312B34-85F9-4D01-AEB7-7881D08472D1}.Debug|Any CPU.ActiveCfg = Debug|Any CPU
		{C2312B34-85F9-4D01-AEB7-7881D08472D1}.Debug|Any CPU.Build.0 = Debug|Any CPU
		{C2312B34-85F9-4D01-AEB7-7881D08472D1}.Release|Any CPU.ActiveCfg = Release|Any CPU
		{C2312B34-85F9-4D01-AEB7-7881D08472D1}.Release|Any CPU.Build.0 = Release|Any CPU
		{1AE5DFBA-DF46-49D9-BFD2-2A35E513059F}.Debug|Any CPU.ActiveCfg = Debug|Any CPU
		{1AE5DFBA-DF46-49D9-BFD2-2A35E513059F}.Debug|Any CPU.Build.0 = Debug|Any CPU
		{1AE5DFBA-DF46-49D9-BFD2-2A35E513059F}.Release|Any CPU.ActiveCfg = Release|Any CPU
		{1AE5DFBA-DF46-49D9-BFD2-2A35E513059F}.Release|Any CPU.Build.0 = Release|Any CPU
	EndGlobalSection
	GlobalSection(SolutionProperties) = preSolution
		HideSolutionNode = FALSE
	EndGlobalSection
	GlobalSection(ExtensibilityGlobals) = postSolution
		SolutionGuid = {3ECD5913-6365-4223-AC54-AFE6A8313B44}
	EndGlobalSection
EndGlobal
