
Microsoft Visual Studio Solution File, Format Version 12.00
# Visual Studio Version 16
VisualStudioVersion = 16.0.30717.126
MinimumVisualStudioVersion = 10.0.40219.1
Project("{FAE04EC0-301F-11D3-BF4B-00C04F79EFBC}") = "01-TwoMinutesToMidnight", "01-TwoMinutesToMidnight\01-TwoMinutesToMidnight.csproj", "{2F7A5BB0-8441-4DAF-9C71-EBD4A64F9B77}"
EndProject
Project("{FAE04EC0-301F-11D3-BF4B-00C04F79EFBC}") = "02-Time", "02-Time\02-Time.csproj", "{732DD0C0-AC8E-4AA0-A359-4978984067F8}"
EndProject
Project("{FAE04EC0-301F-11D3-BF4B-00C04F79EFBC}") = "03-TheStoryTelling", "03-TheStoryTelling\03-TheStoryTelling.csproj", "{86E9AD8D-2B6E-4491-9EBB-FB94774C9C47}"
EndProject
Global
	GlobalSection(SolutionConfigurationPlatforms) = preSolution
		Debug|Any CPU = Debug|Any CPU
		Release|Any CPU = Release|Any CPU
	EndGlobalSection
	GlobalSection(ProjectConfigurationPlatforms) = postSolution
		{2F7A5BB0-8441-4DAF-9C71-EBD4A64F9B77}.Debug|Any CPU.ActiveCfg = Debug|Any CPU
		{2F7A5BB0-8441-4DAF-9C71-EBD4A64F9B77}.Debug|Any CPU.Build.0 = Debug|Any CPU
		{2F7A5BB0-8441-4DAF-9C71-EBD4A64F9B77}.Release|Any CPU.ActiveCfg = Release|Any CPU
		{2F7A5BB0-8441-4DAF-9C71-EBD4A64F9B77}.Release|Any CPU.Build.0 = Release|Any CPU
		{732DD0C0-AC8E-4AA0-A359-4978984067F8}.Debug|Any CPU.ActiveCfg = Debug|Any CPU
		{732DD0C0-AC8E-4AA0-A359-4978984067F8}.Debug|Any CPU.Build.0 = Debug|Any CPU
		{732DD0C0-AC8E-4AA0-A359-4978984067F8}.Release|Any CPU.ActiveCfg = Release|Any CPU
		{732DD0C0-AC8E-4AA0-A359-4978984067F8}.Release|Any CPU.Build.0 = Release|Any CPU
		{86E9AD8D-2B6E-4491-9EBB-FB94774C9C47}.Debug|Any CPU.ActiveCfg = Debug|Any CPU
		{86E9AD8D-2B6E-4491-9EBB-FB94774C9C47}.Debug|Any CPU.Build.0 = Debug|Any CPU
		{86E9AD8D-2B6E-4491-9EBB-FB94774C9C47}.Release|Any CPU.ActiveCfg = Release|Any CPU
		{86E9AD8D-2B6E-4491-9EBB-FB94774C9C47}.Release|Any CPU.Build.0 = Release|Any CPU
	EndGlobalSection
	GlobalSection(SolutionProperties) = preSolution
		HideSolutionNode = FALSE
	EndGlobalSection
	GlobalSection(ExtensibilityGlobals) = postSolution
		SolutionGuid = {6DF394B0-B94F-4208-B898-7EBC8B371BFD}
	EndGlobalSection
EndGlobal
