
Microsoft Visual Studio Solution File, Format Version 12.00
# Visual Studio Version 16
VisualStudioVersion = 16.0.28803.452
MinimumVisualStudioVersion = 10.0.40219.1
Project("{FAE04EC0-301F-11D3-BF4B-00C04F79EFBC}") = "DefiningClasses", "DefiningClasses\DefiningClasses.csproj", "{2A3822D7-FD6B-4FEF-B826-1C9328E7C622}"
EndProject
Global
	GlobalSection(SolutionConfigurationPlatforms) = preSolution
		Debug|Any CPU = Debug|Any CPU
		Release|Any CPU = Release|Any CPU
	EndGlobalSection
	GlobalSection(ProjectConfigurationPlatforms) = postSolution
		{2A3822D7-FD6B-4FEF-B826-1C9328E7C622}.Debug|Any CPU.ActiveCfg = Debug|Any CPU
		{2A3822D7-FD6B-4FEF-B826-1C9328E7C622}.Debug|Any CPU.Build.0 = Debug|Any CPU
		{2A3822D7-FD6B-4FEF-B826-1C9328E7C622}.Release|Any CPU.ActiveCfg = Release|Any CPU
		{2A3822D7-FD6B-4FEF-B826-1C9328E7C622}.Release|Any CPU.Build.0 = Release|Any CPU
	EndGlobalSection
	GlobalSection(SolutionProperties) = preSolution
		HideSolutionNode = FALSE
	EndGlobalSection
	GlobalSection(ExtensibilityGlobals) = postSolution
		SolutionGuid = {AEF876B4-5D6D-4146-98B1-2700E230E7F0}
	EndGlobalSection
EndGlobal
