
Microsoft Visual Studio Solution File, Format Version 12.00
# Visual Studio Version 16
VisualStudioVersion = 16.0.29009.5
MinimumVisualStudioVersion = 10.0.40219.1
Project("{FAE04EC0-301F-11D3-BF4B-00C04F79EFBC}") = "Shapes", "Shapes\Shapes.csproj", "{8F7D1F39-BDF6-4F2B-AAE1-1AB54D465B23}"
EndProject
Project("{FAE04EC0-301F-11D3-BF4B-00C04F79EFBC}") = "Cars", "Cars\Cars.csproj", "{4120BF1D-E5F0-4C02-8B58-DCE5F2599EC7}"
EndProject
Global
	GlobalSection(SolutionConfigurationPlatforms) = preSolution
		Debug|Any CPU = Debug|Any CPU
		Release|Any CPU = Release|Any CPU
	EndGlobalSection
	GlobalSection(ProjectConfigurationPlatforms) = postSolution
		{8F7D1F39-BDF6-4F2B-AAE1-1AB54D465B23}.Debug|Any CPU.ActiveCfg = Debug|Any CPU
		{8F7D1F39-BDF6-4F2B-AAE1-1AB54D465B23}.Debug|Any CPU.Build.0 = Debug|Any CPU
		{8F7D1F39-BDF6-4F2B-AAE1-1AB54D465B23}.Release|Any CPU.ActiveCfg = Release|Any CPU
		{8F7D1F39-BDF6-4F2B-AAE1-1AB54D465B23}.Release|Any CPU.Build.0 = Release|Any CPU
		{4120BF1D-E5F0-4C02-8B58-DCE5F2599EC7}.Debug|Any CPU.ActiveCfg = Debug|Any CPU
		{4120BF1D-E5F0-4C02-8B58-DCE5F2599EC7}.Debug|Any CPU.Build.0 = Debug|Any CPU
		{4120BF1D-E5F0-4C02-8B58-DCE5F2599EC7}.Release|Any CPU.ActiveCfg = Release|Any CPU
		{4120BF1D-E5F0-4C02-8B58-DCE5F2599EC7}.Release|Any CPU.Build.0 = Release|Any CPU
	EndGlobalSection
	GlobalSection(SolutionProperties) = preSolution
		HideSolutionNode = FALSE
	EndGlobalSection
	GlobalSection(ExtensibilityGlobals) = postSolution
		SolutionGuid = {D2CBC881-E6FE-42FD-A3D3-825CEA2EF80F}
	EndGlobalSection
EndGlobal
