
Microsoft Visual Studio Solution File, Format Version 12.00
# Visual Studio Version 16
VisualStudioVersion = 16.0.30717.126
MinimumVisualStudioVersion = 10.0.40219.1
Project("{FAE04EC0-301F-11D3-BF4B-00C04F79EFBC}") = "01-TourDeSofia", "01-TourDeSofia\01-TourDeSofia.csproj", "{07D5BC59-FC90-47E7-AE01-8522D52BB390}"
EndProject
Project("{FAE04EC0-301F-11D3-BF4B-00C04F79EFBC}") = "02-ChainLightning", "02-ChainLightning\02-ChainLightning.csproj", "{47533551-2CC9-44DB-9995-CAB47B4E6910}"
EndProject
Project("{FAE04EC0-301F-11D3-BF4B-00C04F79EFBC}") = "03-RoadTrip", "03-RoadTrip\03-RoadTrip.csproj", "{C1FE226F-7DFE-4D3E-85FB-44383EB5601D}"
EndProject
Global
	GlobalSection(SolutionConfigurationPlatforms) = preSolution
		Debug|Any CPU = Debug|Any CPU
		Release|Any CPU = Release|Any CPU
	EndGlobalSection
	GlobalSection(ProjectConfigurationPlatforms) = postSolution
		{07D5BC59-FC90-47E7-AE01-8522D52BB390}.Debug|Any CPU.ActiveCfg = Debug|Any CPU
		{07D5BC59-FC90-47E7-AE01-8522D52BB390}.Debug|Any CPU.Build.0 = Debug|Any CPU
		{07D5BC59-FC90-47E7-AE01-8522D52BB390}.Release|Any CPU.ActiveCfg = Release|Any CPU
		{07D5BC59-FC90-47E7-AE01-8522D52BB390}.Release|Any CPU.Build.0 = Release|Any CPU
		{47533551-2CC9-44DB-9995-CAB47B4E6910}.Debug|Any CPU.ActiveCfg = Debug|Any CPU
		{47533551-2CC9-44DB-9995-CAB47B4E6910}.Debug|Any CPU.Build.0 = Debug|Any CPU
		{47533551-2CC9-44DB-9995-CAB47B4E6910}.Release|Any CPU.ActiveCfg = Release|Any CPU
		{47533551-2CC9-44DB-9995-CAB47B4E6910}.Release|Any CPU.Build.0 = Release|Any CPU
		{C1FE226F-7DFE-4D3E-85FB-44383EB5601D}.Debug|Any CPU.ActiveCfg = Debug|Any CPU
		{C1FE226F-7DFE-4D3E-85FB-44383EB5601D}.Debug|Any CPU.Build.0 = Debug|Any CPU
		{C1FE226F-7DFE-4D3E-85FB-44383EB5601D}.Release|Any CPU.ActiveCfg = Release|Any CPU
		{C1FE226F-7DFE-4D3E-85FB-44383EB5601D}.Release|Any CPU.Build.0 = Release|Any CPU
	EndGlobalSection
	GlobalSection(SolutionProperties) = preSolution
		HideSolutionNode = FALSE
	EndGlobalSection
	GlobalSection(ExtensibilityGlobals) = postSolution
		SolutionGuid = {C04464CF-076D-45CE-8FB1-2EF1C49189E7}
	EndGlobalSection
EndGlobal
