
Microsoft Visual Studio Solution File, Format Version 12.00
# Visual Studio Version 16
VisualStudioVersion = 16.0.28803.452
MinimumVisualStudioVersion = 10.0.40219.1
Project("{9A19103F-16F7-4668-BE54-9A1E7A4F7556}") = "SoftUniParking", "SoftUniParking.csproj", "{6B80C3FC-C5F3-4713-98A0-AF54B0A726DA}"
EndProject
Global
	GlobalSection(SolutionConfigurationPlatforms) = preSolution
		Debug|Any CPU = Debug|Any CPU
		Release|Any CPU = Release|Any CPU
	EndGlobalSection
	GlobalSection(ProjectConfigurationPlatforms) = postSolution
		{6B80C3FC-C5F3-4713-98A0-AF54B0A726DA}.Debug|Any CPU.ActiveCfg = Debug|Any CPU
		{6B80C3FC-C5F3-4713-98A0-AF54B0A726DA}.Debug|Any CPU.Build.0 = Debug|Any CPU
		{6B80C3FC-C5F3-4713-98A0-AF54B0A726DA}.Release|Any CPU.ActiveCfg = Release|Any CPU
		{6B80C3FC-C5F3-4713-98A0-AF54B0A726DA}.Release|Any CPU.Build.0 = Release|Any CPU
	EndGlobalSection
	GlobalSection(SolutionProperties) = preSolution
		HideSolutionNode = FALSE
	EndGlobalSection
	GlobalSection(ExtensibilityGlobals) = postSolution
		SolutionGuid = {13162001-5B3B-48D2-89E8-8F77163BCF26}
	EndGlobalSection
EndGlobal
