
Microsoft Visual Studio Solution File, Format Version 12.00
# Visual Studio Version 16
VisualStudioVersion = 16.0.28803.202
MinimumVisualStudioVersion = 10.0.40219.1
Project("{FAE04EC0-301F-11D3-BF4B-00C04F79EFBC}") = "CustomTestingFramework", "CustomTestingFramewrok\CustomTestingFramework.csproj", "{486B20B2-84B6-421E-B70D-282543A7AD58}"
EndProject
Project("{FAE04EC0-301F-11D3-BF4B-00C04F79EFBC}") = "CustomTestingFramework.Tests", "CustomTestingFramework.Tests\CustomTestingFramework.Tests.csproj", "{BE8CCF86-4276-40B5-B98C-F626D7DA9E1A}"
EndProject
Project("{FAE04EC0-301F-11D3-BF4B-00C04F79EFBC}") = "MyProgram", "MyProgram\MyProgram.csproj", "{EA5C3126-72DD-40E7-A83D-F5FA1D696210}"
EndProject
Global
	GlobalSection(SolutionConfigurationPlatforms) = preSolution
		Debug|Any CPU = Debug|Any CPU
		Release|Any CPU = Release|Any CPU
	EndGlobalSection
	GlobalSection(ProjectConfigurationPlatforms) = postSolution
		{486B20B2-84B6-421E-B70D-282543A7AD58}.Debug|Any CPU.ActiveCfg = Debug|Any CPU
		{486B20B2-84B6-421E-B70D-282543A7AD58}.Debug|Any CPU.Build.0 = Debug|Any CPU
		{486B20B2-84B6-421E-B70D-282543A7AD58}.Release|Any CPU.ActiveCfg = Release|Any CPU
		{486B20B2-84B6-421E-B70D-282543A7AD58}.Release|Any CPU.Build.0 = Release|Any CPU
		{BE8CCF86-4276-40B5-B98C-F626D7DA9E1A}.Debug|Any CPU.ActiveCfg = Debug|Any CPU
		{BE8CCF86-4276-40B5-B98C-F626D7DA9E1A}.Debug|Any CPU.Build.0 = Debug|Any CPU
		{BE8CCF86-4276-40B5-B98C-F626D7DA9E1A}.Release|Any CPU.ActiveCfg = Release|Any CPU
		{BE8CCF86-4276-40B5-B98C-F626D7DA9E1A}.Release|Any CPU.Build.0 = Release|Any CPU
		{EA5C3126-72DD-40E7-A83D-F5FA1D696210}.Debug|Any CPU.ActiveCfg = Debug|Any CPU
		{EA5C3126-72DD-40E7-A83D-F5FA1D696210}.Debug|Any CPU.Build.0 = Debug|Any CPU
		{EA5C3126-72DD-40E7-A83D-F5FA1D696210}.Release|Any CPU.ActiveCfg = Release|Any CPU
		{EA5C3126-72DD-40E7-A83D-F5FA1D696210}.Release|Any CPU.Build.0 = Release|Any CPU
	EndGlobalSection
	GlobalSection(SolutionProperties) = preSolution
		HideSolutionNode = FALSE
	EndGlobalSection
	GlobalSection(ExtensibilityGlobals) = postSolution
		SolutionGuid = {8E53EF20-3056-4EA0-B1A4-233CEB50002E}
	EndGlobalSection
EndGlobal
