
Microsoft Visual Studio Solution File, Format Version 12.00
# Visual Studio 15
VisualStudioVersion = 15.0.28307.539
MinimumVisualStudioVersion = 10.0.40219.1
Project("{FAE04EC0-301F-11D3-BF4B-00C04F79EFBC}") = "01-Messaging", "01-Messaging\01-Messaging.csproj", "{647B5139-87CC-42AA-BBCB-5F3610DEBED6}"
EndProject
Project("{FAE04EC0-301F-11D3-BF4B-00C04F79EFBC}") = "02-CarRace", "02-CarRace\02-CarRace.csproj", "{209CB17B-5078-4C67-B1C6-99DF10DD8D95}"
EndProject
Project("{FAE04EC0-301F-11D3-BF4B-00C04F79EFBC}") = "03-TakeSkipRope", "03-TakeSkipRope\03-TakeSkipRope.csproj", "{3BAFA74B-9F49-4ED0-BD67-4EAB4A0F6CC6}"
EndProject
Project("{FAE04EC0-301F-11D3-BF4B-00C04F79EFBC}") = "04-MixedUpLists", "04-MixedUpLists\04-MixedUpLists.csproj", "{BFC4FEB2-725A-4AB8-BB6A-14A969B69CAB}"
EndProject
Project("{FAE04EC0-301F-11D3-BF4B-00C04F79EFBC}") = "05-DrumSet", "05-DrumSet\05-DrumSet.csproj", "{E72D0A5B-D2EB-490A-A89F-7FFE69E1F503}"
EndProject
Global
	GlobalSection(SolutionConfigurationPlatforms) = preSolution
		Debug|Any CPU = Debug|Any CPU
		Release|Any CPU = Release|Any CPU
	EndGlobalSection
	GlobalSection(ProjectConfigurationPlatforms) = postSolution
		{647B5139-87CC-42AA-BBCB-5F3610DEBED6}.Debug|Any CPU.ActiveCfg = Debug|Any CPU
		{647B5139-87CC-42AA-BBCB-5F3610DEBED6}.Debug|Any CPU.Build.0 = Debug|Any CPU
		{647B5139-87CC-42AA-BBCB-5F3610DEBED6}.Release|Any CPU.ActiveCfg = Release|Any CPU
		{647B5139-87CC-42AA-BBCB-5F3610DEBED6}.Release|Any CPU.Build.0 = Release|Any CPU
		{209CB17B-5078-4C67-B1C6-99DF10DD8D95}.Debug|Any CPU.ActiveCfg = Debug|Any CPU
		{209CB17B-5078-4C67-B1C6-99DF10DD8D95}.Debug|Any CPU.Build.0 = Debug|Any CPU
		{209CB17B-5078-4C67-B1C6-99DF10DD8D95}.Release|Any CPU.ActiveCfg = Release|Any CPU
		{209CB17B-5078-4C67-B1C6-99DF10DD8D95}.Release|Any CPU.Build.0 = Release|Any CPU
		{3BAFA74B-9F49-4ED0-BD67-4EAB4A0F6CC6}.Debug|Any CPU.ActiveCfg = Debug|Any CPU
		{3BAFA74B-9F49-4ED0-BD67-4EAB4A0F6CC6}.Debug|Any CPU.Build.0 = Debug|Any CPU
		{3BAFA74B-9F49-4ED0-BD67-4EAB4A0F6CC6}.Release|Any CPU.ActiveCfg = Release|Any CPU
		{3BAFA74B-9F49-4ED0-BD67-4EAB4A0F6CC6}.Release|Any CPU.Build.0 = Release|Any CPU
		{BFC4FEB2-725A-4AB8-BB6A-14A969B69CAB}.Debug|Any CPU.ActiveCfg = Debug|Any CPU
		{BFC4FEB2-725A-4AB8-BB6A-14A969B69CAB}.Debug|Any CPU.Build.0 = Debug|Any CPU
		{BFC4FEB2-725A-4AB8-BB6A-14A969B69CAB}.Release|Any CPU.ActiveCfg = Release|Any CPU
		{BFC4FEB2-725A-4AB8-BB6A-14A969B69CAB}.Release|Any CPU.Build.0 = Release|Any CPU
		{E72D0A5B-D2EB-490A-A89F-7FFE69E1F503}.Debug|Any CPU.ActiveCfg = Debug|Any CPU
		{E72D0A5B-D2EB-490A-A89F-7FFE69E1F503}.Debug|Any CPU.Build.0 = Debug|Any CPU
		{E72D0A5B-D2EB-490A-A89F-7FFE69E1F503}.Release|Any CPU.ActiveCfg = Release|Any CPU
		{E72D0A5B-D2EB-490A-A89F-7FFE69E1F503}.Release|Any CPU.Build.0 = Release|Any CPU
	EndGlobalSection
	GlobalSection(SolutionProperties) = preSolution
		HideSolutionNode = FALSE
	EndGlobalSection
	GlobalSection(ExtensibilityGlobals) = postSolution
		SolutionGuid = {B736FA09-FFCC-4D73-B6F8-05A4E86140CD}
	EndGlobalSection
EndGlobal
