
Microsoft Visual Studio Solution File, Format Version 12.00
# Visual Studio 15
VisualStudioVersion = 15.0.28307.329
MinimumVisualStudioVersion = 10.0.40219.1
Project("{FAE04EC0-301F-11D3-BF4B-00C04F79EFBC}") = "01-PartyProfit", "01-PartyProfit\01-PartyProfit.csproj", "{84FD3A68-20EC-4331-9456-B68EABC5B49A}"
EndProject
Project("{FAE04EC0-301F-11D3-BF4B-00C04F79EFBC}") = "02-DungeonestDark", "02-DungeonestDark\02-DungeonestDark.csproj", "{6E5A31EA-A0AF-45F2-8229-E5373D304387}"
EndProject
Project("{FAE04EC0-301F-11D3-BF4B-00C04F79EFBC}") = "03-QuestsJournal", "03-QuestsJournal\03-QuestsJournal.csproj", "{1A9ADD43-F68D-4F90-ACA2-B61C30BB2707}"
EndProject
Global
	GlobalSection(SolutionConfigurationPlatforms) = preSolution
		Debug|Any CPU = Debug|Any CPU
		Release|Any CPU = Release|Any CPU
	EndGlobalSection
	GlobalSection(ProjectConfigurationPlatforms) = postSolution
		{84FD3A68-20EC-4331-9456-B68EABC5B49A}.Debug|Any CPU.ActiveCfg = Debug|Any CPU
		{84FD3A68-20EC-4331-9456-B68EABC5B49A}.Debug|Any CPU.Build.0 = Debug|Any CPU
		{84FD3A68-20EC-4331-9456-B68EABC5B49A}.Release|Any CPU.ActiveCfg = Release|Any CPU
		{84FD3A68-20EC-4331-9456-B68EABC5B49A}.Release|Any CPU.Build.0 = Release|Any CPU
		{6E5A31EA-A0AF-45F2-8229-E5373D304387}.Debug|Any CPU.ActiveCfg = Debug|Any CPU
		{6E5A31EA-A0AF-45F2-8229-E5373D304387}.Debug|Any CPU.Build.0 = Debug|Any CPU
		{6E5A31EA-A0AF-45F2-8229-E5373D304387}.Release|Any CPU.ActiveCfg = Release|Any CPU
		{6E5A31EA-A0AF-45F2-8229-E5373D304387}.Release|Any CPU.Build.0 = Release|Any CPU
		{1A9ADD43-F68D-4F90-ACA2-B61C30BB2707}.Debug|Any CPU.ActiveCfg = Debug|Any CPU
		{1A9ADD43-F68D-4F90-ACA2-B61C30BB2707}.Debug|Any CPU.Build.0 = Debug|Any CPU
		{1A9ADD43-F68D-4F90-ACA2-B61C30BB2707}.Release|Any CPU.ActiveCfg = Release|Any CPU
		{1A9ADD43-F68D-4F90-ACA2-B61C30BB2707}.Release|Any CPU.Build.0 = Release|Any CPU
	EndGlobalSection
	GlobalSection(SolutionProperties) = preSolution
		HideSolutionNode = FALSE
	EndGlobalSection
	GlobalSection(ExtensibilityGlobals) = postSolution
		SolutionGuid = {53BC8551-3F68-471F-B372-5E619D483590}
	EndGlobalSection
EndGlobal
