
Microsoft Visual Studio Solution File, Format Version 12.00
# Visual Studio 15
VisualStudioVersion = 15.0.28307.329
MinimumVisualStudioVersion = 10.0.40219.1
Project("{9A19103F-16F7-4668-BE54-9A1E7A4F7556}") = "01-EncryptSortAndPrintArray", "01-EncryptSortAndPrintArray\01-EncryptSortAndPrintArray.csproj", "{63B61D4C-5A99-4420-AF98-2511B1E0B05F}"
EndProject
Project("{9A19103F-16F7-4668-BE54-9A1E7A4F7556}") = "02-PascalTriangle", "02-PascalTriangle\02-PascalTriangle.csproj", "{0D2F86E9-877F-43C3-836B-B0057DBF2722}"
EndProject
Project("{FAE04EC0-301F-11D3-BF4B-00C04F79EFBC}") = "03-RecursiveFibonacci", "03-RecursiveFibonacci\03-RecursiveFibonacci.csproj", "{DC11ABA9-2AF0-4F3A-AA00-1F77B7814C04}"
EndProject
Project("{FAE04EC0-301F-11D3-BF4B-00C04F79EFBC}") = "04-FoldAndSum", "04-FoldAndSum\04-FoldAndSum.csproj", "{702DE0BC-87C8-4031-A2CC-30AE319454FD}"
EndProject
Project("{FAE04EC0-301F-11D3-BF4B-00C04F79EFBC}") = "05-LongestIncreasingSubsequence", "05-LongestIncreasingSubsequence\05-LongestIncreasingSubsequence.csproj", "{D78492A1-DF46-4889-9DE6-B3A223F03F77}"
EndProject
Global
	GlobalSection(SolutionConfigurationPlatforms) = preSolution
		Debug|Any CPU = Debug|Any CPU
		Release|Any CPU = Release|Any CPU
	EndGlobalSection
	GlobalSection(ProjectConfigurationPlatforms) = postSolution
		{63B61D4C-5A99-4420-AF98-2511B1E0B05F}.Debug|Any CPU.ActiveCfg = Debug|Any CPU
		{63B61D4C-5A99-4420-AF98-2511B1E0B05F}.Debug|Any CPU.Build.0 = Debug|Any CPU
		{63B61D4C-5A99-4420-AF98-2511B1E0B05F}.Release|Any CPU.ActiveCfg = Release|Any CPU
		{63B61D4C-5A99-4420-AF98-2511B1E0B05F}.Release|Any CPU.Build.0 = Release|Any CPU
		{0D2F86E9-877F-43C3-836B-B0057DBF2722}.Debug|Any CPU.ActiveCfg = Debug|Any CPU
		{0D2F86E9-877F-43C3-836B-B0057DBF2722}.Debug|Any CPU.Build.0 = Debug|Any CPU
		{0D2F86E9-877F-43C3-836B-B0057DBF2722}.Release|Any CPU.ActiveCfg = Release|Any CPU
		{0D2F86E9-877F-43C3-836B-B0057DBF2722}.Release|Any CPU.Build.0 = Release|Any CPU
		{DC11ABA9-2AF0-4F3A-AA00-1F77B7814C04}.Debug|Any CPU.ActiveCfg = Debug|Any CPU
		{DC11ABA9-2AF0-4F3A-AA00-1F77B7814C04}.Debug|Any CPU.Build.0 = Debug|Any CPU
		{DC11ABA9-2AF0-4F3A-AA00-1F77B7814C04}.Release|Any CPU.ActiveCfg = Release|Any CPU
		{DC11ABA9-2AF0-4F3A-AA00-1F77B7814C04}.Release|Any CPU.Build.0 = Release|Any CPU
		{702DE0BC-87C8-4031-A2CC-30AE319454FD}.Debug|Any CPU.ActiveCfg = Debug|Any CPU
		{702DE0BC-87C8-4031-A2CC-30AE319454FD}.Debug|Any CPU.Build.0 = Debug|Any CPU
		{702DE0BC-87C8-4031-A2CC-30AE319454FD}.Release|Any CPU.ActiveCfg = Release|Any CPU
		{702DE0BC-87C8-4031-A2CC-30AE319454FD}.Release|Any CPU.Build.0 = Release|Any CPU
		{D78492A1-DF46-4889-9DE6-B3A223F03F77}.Debug|Any CPU.ActiveCfg = Debug|Any CPU
		{D78492A1-DF46-4889-9DE6-B3A223F03F77}.Debug|Any CPU.Build.0 = Debug|Any CPU
		{D78492A1-DF46-4889-9DE6-B3A223F03F77}.Release|Any CPU.ActiveCfg = Release|Any CPU
		{D78492A1-DF46-4889-9DE6-B3A223F03F77}.Release|Any CPU.Build.0 = Release|Any CPU
	EndGlobalSection
	GlobalSection(SolutionProperties) = preSolution
		HideSolutionNode = FALSE
	EndGlobalSection
	GlobalSection(ExtensibilityGlobals) = postSolution
		SolutionGuid = {19AFCD19-E413-47A9-9B3D-45C989B28BDB}
	EndGlobalSection
EndGlobal
