
Microsoft Visual Studio Solution File, Format Version 12.00
# Visual Studio Version 16
VisualStudioVersion = 16.0.28803.452
MinimumVisualStudioVersion = 10.0.40219.1
Project("{9A19103F-16F7-4668-BE54-9A1E7A4F7556}") = "01-UniqueUsernames", "01-UniqueUsernames\01-UniqueUsernames.csproj", "{B31E54A9-DE10-424C-8FAF-D8781D58C486}"
EndProject
Project("{9A19103F-16F7-4668-BE54-9A1E7A4F7556}") = "02-SetsOfElements", "02-SetsOfElements\02-SetsOfElements.csproj", "{EDA96135-6E2D-4329-9B07-AD7B23B9876A}"
EndProject
Project("{9A19103F-16F7-4668-BE54-9A1E7A4F7556}") = "03-PeriodicTable", "03-PeriodicTable\03-PeriodicTable.csproj", "{51528171-23AC-4374-B69D-3334D41A6EB1}"
EndProject
Project("{FAE04EC0-301F-11D3-BF4B-00C04F79EFBC}") = "04-EvenTimes", "04-EvenTimes\04-EvenTimes.csproj", "{29DEE63E-F965-49E4-8DC4-E059D8FFD818}"
EndProject
Project("{FAE04EC0-301F-11D3-BF4B-00C04F79EFBC}") = "05-CountSymbols", "05-CountSymbols\05-CountSymbols.csproj", "{8F9ED779-0DCF-4E76-9A0D-9AFA469321FC}"
EndProject
Project("{FAE04EC0-301F-11D3-BF4B-00C04F79EFBC}") = "06-Wardrobe", "06-Wardrobe\06-Wardrobe.csproj", "{0763C63C-00D2-48CD-BA68-76E97553ECFD}"
EndProject
Project("{FAE04EC0-301F-11D3-BF4B-00C04F79EFBC}") = "07-TheVLogger", "07-TheVLogger\07-TheVLogger.csproj", "{35E1EF7B-EE9E-4BE5-828F-1ED8902EB64A}"
EndProject
Project("{FAE04EC0-301F-11D3-BF4B-00C04F79EFBC}") = "08-Ranking", "08-Ranking\08-Ranking.csproj", "{E28206BB-BCFA-46CD-93FA-BF033F6F631A}"
EndProject
Global
	GlobalSection(SolutionConfigurationPlatforms) = preSolution
		Debug|Any CPU = Debug|Any CPU
		Release|Any CPU = Release|Any CPU
	EndGlobalSection
	GlobalSection(ProjectConfigurationPlatforms) = postSolution
		{B31E54A9-DE10-424C-8FAF-D8781D58C486}.Debug|Any CPU.ActiveCfg = Debug|Any CPU
		{B31E54A9-DE10-424C-8FAF-D8781D58C486}.Debug|Any CPU.Build.0 = Debug|Any CPU
		{B31E54A9-DE10-424C-8FAF-D8781D58C486}.Release|Any CPU.ActiveCfg = Release|Any CPU
		{B31E54A9-DE10-424C-8FAF-D8781D58C486}.Release|Any CPU.Build.0 = Release|Any CPU
		{EDA96135-6E2D-4329-9B07-AD7B23B9876A}.Debug|Any CPU.ActiveCfg = Debug|Any CPU
		{EDA96135-6E2D-4329-9B07-AD7B23B9876A}.Debug|Any CPU.Build.0 = Debug|Any CPU
		{EDA96135-6E2D-4329-9B07-AD7B23B9876A}.Release|Any CPU.ActiveCfg = Release|Any CPU
		{EDA96135-6E2D-4329-9B07-AD7B23B9876A}.Release|Any CPU.Build.0 = Release|Any CPU
		{51528171-23AC-4374-B69D-3334D41A6EB1}.Debug|Any CPU.ActiveCfg = Debug|Any CPU
		{51528171-23AC-4374-B69D-3334D41A6EB1}.Debug|Any CPU.Build.0 = Debug|Any CPU
		{51528171-23AC-4374-B69D-3334D41A6EB1}.Release|Any CPU.ActiveCfg = Release|Any CPU
		{51528171-23AC-4374-B69D-3334D41A6EB1}.Release|Any CPU.Build.0 = Release|Any CPU
		{29DEE63E-F965-49E4-8DC4-E059D8FFD818}.Debug|Any CPU.ActiveCfg = Debug|Any CPU
		{29DEE63E-F965-49E4-8DC4-E059D8FFD818}.Debug|Any CPU.Build.0 = Debug|Any CPU
		{29DEE63E-F965-49E4-8DC4-E059D8FFD818}.Release|Any CPU.ActiveCfg = Release|Any CPU
		{29DEE63E-F965-49E4-8DC4-E059D8FFD818}.Release|Any CPU.Build.0 = Release|Any CPU
		{8F9ED779-0DCF-4E76-9A0D-9AFA469321FC}.Debug|Any CPU.ActiveCfg = Debug|Any CPU
		{8F9ED779-0DCF-4E76-9A0D-9AFA469321FC}.Debug|Any CPU.Build.0 = Debug|Any CPU
		{8F9ED779-0DCF-4E76-9A0D-9AFA469321FC}.Release|Any CPU.ActiveCfg = Release|Any CPU
		{8F9ED779-0DCF-4E76-9A0D-9AFA469321FC}.Release|Any CPU.Build.0 = Release|Any CPU
		{0763C63C-00D2-48CD-BA68-76E97553ECFD}.Debug|Any CPU.ActiveCfg = Debug|Any CPU
		{0763C63C-00D2-48CD-BA68-76E97553ECFD}.Debug|Any CPU.Build.0 = Debug|Any CPU
		{0763C63C-00D2-48CD-BA68-76E97553ECFD}.Release|Any CPU.ActiveCfg = Release|Any CPU
		{0763C63C-00D2-48CD-BA68-76E97553ECFD}.Release|Any CPU.Build.0 = Release|Any CPU
		{35E1EF7B-EE9E-4BE5-828F-1ED8902EB64A}.Debug|Any CPU.ActiveCfg = Debug|Any CPU
		{35E1EF7B-EE9E-4BE5-828F-1ED8902EB64A}.Debug|Any CPU.Build.0 = Debug|Any CPU
		{35E1EF7B-EE9E-4BE5-828F-1ED8902EB64A}.Release|Any CPU.ActiveCfg = Release|Any CPU
		{35E1EF7B-EE9E-4BE5-828F-1ED8902EB64A}.Release|Any CPU.Build.0 = Release|Any CPU
		{E28206BB-BCFA-46CD-93FA-BF033F6F631A}.Debug|Any CPU.ActiveCfg = Debug|Any CPU
		{E28206BB-BCFA-46CD-93FA-BF033F6F631A}.Debug|Any CPU.Build.0 = Debug|Any CPU
		{E28206BB-BCFA-46CD-93FA-BF033F6F631A}.Release|Any CPU.ActiveCfg = Release|Any CPU
		{E28206BB-BCFA-46CD-93FA-BF033F6F631A}.Release|Any CPU.Build.0 = Release|Any CPU
	EndGlobalSection
	GlobalSection(SolutionProperties) = preSolution
		HideSolutionNode = FALSE
	EndGlobalSection
	GlobalSection(ExtensibilityGlobals) = postSolution
		SolutionGuid = {82C4AD72-A69F-4DD9-8D8D-96434B5499DB}
	EndGlobalSection
EndGlobal
