
Microsoft Visual Studio Solution File, Format Version 12.00
# Visual Studio Version 16
VisualStudioVersion = 16.0.28803.452
MinimumVisualStudioVersion = 10.0.40219.1
Project("{FAE04EC0-301F-11D3-BF4B-00C04F79EFBC}") = "DefiningClasses", "DefiningClasses\DefiningClasses.csproj", "{7774C775-BF07-4767-B7B2-0BB3C9962E50}"
EndProject
Global
	GlobalSection(SolutionConfigurationPlatforms) = preSolution
		Debug|Any CPU = Debug|Any CPU
		Release|Any CPU = Release|Any CPU
	EndGlobalSection
	GlobalSection(ProjectConfigurationPlatforms) = postSolution
		{7774C775-BF07-4767-B7B2-0BB3C9962E50}.Debug|Any CPU.ActiveCfg = Debug|Any CPU
		{7774C775-BF07-4767-B7B2-0BB3C9962E50}.Debug|Any CPU.Build.0 = Debug|Any CPU
		{7774C775-BF07-4767-B7B2-0BB3C9962E50}.Release|Any CPU.ActiveCfg = Release|Any CPU
		{7774C775-BF07-4767-B7B2-0BB3C9962E50}.Release|Any CPU.Build.0 = Release|Any CPU
	EndGlobalSection
	GlobalSection(SolutionProperties) = preSolution
		HideSolutionNode = FALSE
	EndGlobalSection
	GlobalSection(ExtensibilityGlobals) = postSolution
		SolutionGuid = {5CE848D4-A0B1-4E68-B4E4-F7C3957E2601}
	EndGlobalSection
EndGlobal
