
Microsoft Visual Studio Solution File, Format Version 12.00
# Visual Studio Version 16
VisualStudioVersion = 16.0.28803.452
MinimumVisualStudioVersion = 10.0.40219.1
Project("{FAE04EC0-301F-11D3-BF4B-00C04F79EFBC}") = "DefiningClasses", "DefiningClasses\DefiningClasses.csproj", "{B756F540-54C9-4D92-94C8-AFE9FDFE1E67}"
EndProject
Global
	GlobalSection(SolutionConfigurationPlatforms) = preSolution
		Debug|Any CPU = Debug|Any CPU
		Release|Any CPU = Release|Any CPU
	EndGlobalSection
	GlobalSection(ProjectConfigurationPlatforms) = postSolution
		{B756F540-54C9-4D92-94C8-AFE9FDFE1E67}.Debug|Any CPU.ActiveCfg = Debug|Any CPU
		{B756F540-54C9-4D92-94C8-AFE9FDFE1E67}.Debug|Any CPU.Build.0 = Debug|Any CPU
		{B756F540-54C9-4D92-94C8-AFE9FDFE1E67}.Release|Any CPU.ActiveCfg = Release|Any CPU
		{B756F540-54C9-4D92-94C8-AFE9FDFE1E67}.Release|Any CPU.Build.0 = Release|Any CPU
	EndGlobalSection
	GlobalSection(SolutionProperties) = preSolution
		HideSolutionNode = FALSE
	EndGlobalSection
	GlobalSection(ExtensibilityGlobals) = postSolution
		SolutionGuid = {D710CBD6-4BAF-4881-BDB0-83F13123B0E7}
	EndGlobalSection
EndGlobal
