
Microsoft Visual Studio Solution File, Format Version 12.00
# Visual Studio 15
VisualStudioVersion = 15.0.28307.271
MinimumVisualStudioVersion = 10.0.40219.1
Project("{FAE04EC0-301F-11D3-BF4B-00C04F79EFBC}") = "01-ConvertMetersToKilometers", "01-ConvertMetersToKilometers\01-ConvertMetersToKilometers.csproj", "{BAE6F31D-E1E3-4251-A84F-4E091F27B0C5}"
EndProject
Project("{FAE04EC0-301F-11D3-BF4B-00C04F79EFBC}") = "02-PoundsToDollars", "02-PoundsToDollars\02-PoundsToDollars.csproj", "{46F900F2-BD5E-42ED-B4DA-ABB421006A10}"
EndProject
Project("{FAE04EC0-301F-11D3-BF4B-00C04F79EFBC}") = "03-ExactSumOfRealNumbers", "03-ExactSumOfRealNumbers\03-ExactSumOfRealNumbers.csproj", "{EB580820-AC67-4949-8C8C-EB9D578CEF3F}"
EndProject
Project("{FAE04EC0-301F-11D3-BF4B-00C04F79EFBC}") = "04-CenturiesToMinutes", "04-CenturiesToMinutes\04-CenturiesToMinutes.csproj", "{385BAB05-E45C-4F76-8CD5-73E367962C44}"
EndProject
Project("{FAE04EC0-301F-11D3-BF4B-00C04F79EFBC}") = "05-SpecialNumbers", "05-SpecialNumbers\05-SpecialNumbers.csproj", "{EC5EA405-E67F-4B27-ADE5-1DB48813446C}"
EndProject
Project("{FAE04EC0-301F-11D3-BF4B-00C04F79EFBC}") = "06-ReversedChars", "06-ReversedChars\06-ReversedChars.csproj", "{5A06D5B5-D768-4EF6-83FA-2DA6795C1030}"
EndProject
Project("{FAE04EC0-301F-11D3-BF4B-00C04F79EFBC}") = "07-ConcatNames", "07-ConcatNames\07-ConcatNames.csproj", "{75366812-85BC-4B36-AF07-2017E7F0E9A6}"
EndProject
Project("{FAE04EC0-301F-11D3-BF4B-00C04F79EFBC}") = "08-TownInfo", "08-TownInfo\08-TownInfo.csproj", "{DB8715C6-FD34-42DE-A5F4-05EA996C164F}"
EndProject
Project("{FAE04EC0-301F-11D3-BF4B-00C04F79EFBC}") = "09-CharsToString", "09-CharsToString\09-CharsToString.csproj", "{3C3A1482-C4A6-485C-9A94-9A31ECC7EBC7}"
EndProject
Project("{FAE04EC0-301F-11D3-BF4B-00C04F79EFBC}") = "10-LowerOrUpper", "10-LowerOrUpper\10-LowerOrUpper.csproj", "{1E688BFF-12AE-4D89-9861-EB1814160DB0}"
EndProject
Project("{FAE04EC0-301F-11D3-BF4B-00C04F79EFBC}") = "11-RefactorVolumeOfPyramid", "11-RefactorVolumeOfPyramid\11-RefactorVolumeOfPyramid.csproj", "{C97D1EF0-C09C-4054-B999-A38674E09561}"
EndProject
Project("{FAE04EC0-301F-11D3-BF4B-00C04F79EFBC}") = "12-RefactorSpecialNumbers", "12-RefactorSpecialNumbers\12-RefactorSpecialNumbers.csproj", "{FB78DEF8-B286-45CC-A131-19548C84FDB5}"
EndProject
Global
	GlobalSection(SolutionConfigurationPlatforms) = preSolution
		Debug|Any CPU = Debug|Any CPU
		Release|Any CPU = Release|Any CPU
	EndGlobalSection
	GlobalSection(ProjectConfigurationPlatforms) = postSolution
		{BAE6F31D-E1E3-4251-A84F-4E091F27B0C5}.Debug|Any CPU.ActiveCfg = Debug|Any CPU
		{BAE6F31D-E1E3-4251-A84F-4E091F27B0C5}.Debug|Any CPU.Build.0 = Debug|Any CPU
		{BAE6F31D-E1E3-4251-A84F-4E091F27B0C5}.Release|Any CPU.ActiveCfg = Release|Any CPU
		{BAE6F31D-E1E3-4251-A84F-4E091F27B0C5}.Release|Any CPU.Build.0 = Release|Any CPU
		{46F900F2-BD5E-42ED-B4DA-ABB421006A10}.Debug|Any CPU.ActiveCfg = Debug|Any CPU
		{46F900F2-BD5E-42ED-B4DA-ABB421006A10}.Debug|Any CPU.Build.0 = Debug|Any CPU
		{46F900F2-BD5E-42ED-B4DA-ABB421006A10}.Release|Any CPU.ActiveCfg = Release|Any CPU
		{46F900F2-BD5E-42ED-B4DA-ABB421006A10}.Release|Any CPU.Build.0 = Release|Any CPU
		{EB580820-AC67-4949-8C8C-EB9D578CEF3F}.Debug|Any CPU.ActiveCfg = Debug|Any CPU
		{EB580820-AC67-4949-8C8C-EB9D578CEF3F}.Debug|Any CPU.Build.0 = Debug|Any CPU
		{EB580820-AC67-4949-8C8C-EB9D578CEF3F}.Release|Any CPU.ActiveCfg = Release|Any CPU
		{EB580820-AC67-4949-8C8C-EB9D578CEF3F}.Release|Any CPU.Build.0 = Release|Any CPU
		{385BAB05-E45C-4F76-8CD5-73E367962C44}.Debug|Any CPU.ActiveCfg = Debug|Any CPU
		{385BAB05-E45C-4F76-8CD5-73E367962C44}.Debug|Any CPU.Build.0 = Debug|Any CPU
		{385BAB05-E45C-4F76-8CD5-73E367962C44}.Release|Any CPU.ActiveCfg = Release|Any CPU
		{385BAB05-E45C-4F76-8CD5-73E367962C44}.Release|Any CPU.Build.0 = Release|Any CPU
		{EC5EA405-E67F-4B27-ADE5-1DB48813446C}.Debug|Any CPU.ActiveCfg = Debug|Any CPU
		{EC5EA405-E67F-4B27-ADE5-1DB48813446C}.Debug|Any CPU.Build.0 = Debug|Any CPU
		{EC5EA405-E67F-4B27-ADE5-1DB48813446C}.Release|Any CPU.ActiveCfg = Release|Any CPU
		{EC5EA405-E67F-4B27-ADE5-1DB48813446C}.Release|Any CPU.Build.0 = Release|Any CPU
		{5A06D5B5-D768-4EF6-83FA-2DA6795C1030}.Debug|Any CPU.ActiveCfg = Debug|Any CPU
		{5A06D5B5-D768-4EF6-83FA-2DA6795C1030}.Debug|Any CPU.Build.0 = Debug|Any CPU
		{5A06D5B5-D768-4EF6-83FA-2DA6795C1030}.Release|Any CPU.ActiveCfg = Release|Any CPU
		{5A06D5B5-D768-4EF6-83FA-2DA6795C1030}.Release|Any CPU.Build.0 = Release|Any CPU
		{75366812-85BC-4B36-AF07-2017E7F0E9A6}.Debug|Any CPU.ActiveCfg = Debug|Any CPU
		{75366812-85BC-4B36-AF07-2017E7F0E9A6}.Debug|Any CPU.Build.0 = Debug|Any CPU
		{75366812-85BC-4B36-AF07-2017E7F0E9A6}.Release|Any CPU.ActiveCfg = Release|Any CPU
		{75366812-85BC-4B36-AF07-2017E7F0E9A6}.Release|Any CPU.Build.0 = Release|Any CPU
		{DB8715C6-FD34-42DE-A5F4-05EA996C164F}.Debug|Any CPU.ActiveCfg = Debug|Any CPU
		{DB8715C6-FD34-42DE-A5F4-05EA996C164F}.Debug|Any CPU.Build.0 = Debug|Any CPU
		{DB8715C6-FD34-42DE-A5F4-05EA996C164F}.Release|Any CPU.ActiveCfg = Release|Any CPU
		{DB8715C6-FD34-42DE-A5F4-05EA996C164F}.Release|Any CPU.Build.0 = Release|Any CPU
		{3C3A1482-C4A6-485C-9A94-9A31ECC7EBC7}.Debug|Any CPU.ActiveCfg = Debug|Any CPU
		{3C3A1482-C4A6-485C-9A94-9A31ECC7EBC7}.Debug|Any CPU.Build.0 = Debug|Any CPU
		{3C3A1482-C4A6-485C-9A94-9A31ECC7EBC7}.Release|Any CPU.ActiveCfg = Release|Any CPU
		{3C3A1482-C4A6-485C-9A94-9A31ECC7EBC7}.Release|Any CPU.Build.0 = Release|Any CPU
		{1E688BFF-12AE-4D89-9861-EB1814160DB0}.Debug|Any CPU.ActiveCfg = Debug|Any CPU
		{1E688BFF-12AE-4D89-9861-EB1814160DB0}.Debug|Any CPU.Build.0 = Debug|Any CPU
		{1E688BFF-12AE-4D89-9861-EB1814160DB0}.Release|Any CPU.ActiveCfg = Release|Any CPU
		{1E688BFF-12AE-4D89-9861-EB1814160DB0}.Release|Any CPU.Build.0 = Release|Any CPU
		{C97D1EF0-C09C-4054-B999-A38674E09561}.Debug|Any CPU.ActiveCfg = Debug|Any CPU
		{C97D1EF0-C09C-4054-B999-A38674E09561}.Debug|Any CPU.Build.0 = Debug|Any CPU
		{C97D1EF0-C09C-4054-B999-A38674E09561}.Release|Any CPU.ActiveCfg = Release|Any CPU
		{C97D1EF0-C09C-4054-B999-A38674E09561}.Release|Any CPU.Build.0 = Release|Any CPU
		{FB78DEF8-B286-45CC-A131-19548C84FDB5}.Debug|Any CPU.ActiveCfg = Debug|Any CPU
		{FB78DEF8-B286-45CC-A131-19548C84FDB5}.Debug|Any CPU.Build.0 = Debug|Any CPU
		{FB78DEF8-B286-45CC-A131-19548C84FDB5}.Release|Any CPU.ActiveCfg = Release|Any CPU
		{FB78DEF8-B286-45CC-A131-19548C84FDB5}.Release|Any CPU.Build.0 = Release|Any CPU
	EndGlobalSection
	GlobalSection(SolutionProperties) = preSolution
		HideSolutionNode = FALSE
	EndGlobalSection
	GlobalSection(ExtensibilityGlobals) = postSolution
		SolutionGuid = {BFF8B30D-4D9E-4128-BC35-B4812B642694}
	EndGlobalSection
EndGlobal
