
Microsoft Visual Studio Solution File, Format Version 12.00
# Visual Studio Version 16
VisualStudioVersion = 16.0.30717.126
MinimumVisualStudioVersion = 10.0.40219.1
Project("{FAE04EC0-301F-11D3-BF4B-00C04F79EFBC}") = "01-TBC", "01-TBC\01-TBC.csproj", "{3A96397D-549F-4B2E-9B99-541DF807505C}"
EndProject
Project("{FAE04EC0-301F-11D3-BF4B-00C04F79EFBC}") = "02-Socks", "02-Socks\02-Socks.csproj", "{C59F93D5-4567-4603-954F-5C55F9AEF484}"
EndProject
Project("{FAE04EC0-301F-11D3-BF4B-00C04F79EFBC}") = "03-PathFinder", "03-PathFinder\03-PathFinder.csproj", "{76B26BA0-ACE5-43AA-B570-33738E0B0E18}"
EndProject
Global
	GlobalSection(SolutionConfigurationPlatforms) = preSolution
		Debug|Any CPU = Debug|Any CPU
		Release|Any CPU = Release|Any CPU
	EndGlobalSection
	GlobalSection(ProjectConfigurationPlatforms) = postSolution
		{3A96397D-549F-4B2E-9B99-541DF807505C}.Debug|Any CPU.ActiveCfg = Debug|Any CPU
		{3A96397D-549F-4B2E-9B99-541DF807505C}.Debug|Any CPU.Build.0 = Debug|Any CPU
		{3A96397D-549F-4B2E-9B99-541DF807505C}.Release|Any CPU.ActiveCfg = Release|Any CPU
		{3A96397D-549F-4B2E-9B99-541DF807505C}.Release|Any CPU.Build.0 = Release|Any CPU
		{C59F93D5-4567-4603-954F-5C55F9AEF484}.Debug|Any CPU.ActiveCfg = Debug|Any CPU
		{C59F93D5-4567-4603-954F-5C55F9AEF484}.Debug|Any CPU.Build.0 = Debug|Any CPU
		{C59F93D5-4567-4603-954F-5C55F9AEF484}.Release|Any CPU.ActiveCfg = Release|Any CPU
		{C59F93D5-4567-4603-954F-5C55F9AEF484}.Release|Any CPU.Build.0 = Release|Any CPU
		{76B26BA0-ACE5-43AA-B570-33738E0B0E18}.Debug|Any CPU.ActiveCfg = Debug|Any CPU
		{76B26BA0-ACE5-43AA-B570-33738E0B0E18}.Debug|Any CPU.Build.0 = Debug|Any CPU
		{76B26BA0-ACE5-43AA-B570-33738E0B0E18}.Release|Any CPU.ActiveCfg = Release|Any CPU
		{76B26BA0-ACE5-43AA-B570-33738E0B0E18}.Release|Any CPU.Build.0 = Release|Any CPU
	EndGlobalSection
	GlobalSection(SolutionProperties) = preSolution
		HideSolutionNode = FALSE
	EndGlobalSection
	GlobalSection(ExtensibilityGlobals) = postSolution
		SolutionGuid = {BFE98409-3EC3-4605-81A6-6C0735BB5B4A}
	EndGlobalSection
EndGlobal
