
Microsoft Visual Studio Solution File, Format Version 12.00
# Visual Studio Version 16
VisualStudioVersion = 16.0.28803.452
MinimumVisualStudioVersion = 10.0.40219.1
Project("{FAE04EC0-301F-11D3-BF4B-00C04F79EFBC}") = "DefiningClasses", "DefiningClasses\DefiningClasses.csproj", "{0062D141-300D-4B6D-8938-34A3CF8C1B2D}"
EndProject
Global
	GlobalSection(SolutionConfigurationPlatforms) = preSolution
		Debug|Any CPU = Debug|Any CPU
		Release|Any CPU = Release|Any CPU
	EndGlobalSection
	GlobalSection(ProjectConfigurationPlatforms) = postSolution
		{0062D141-300D-4B6D-8938-34A3CF8C1B2D}.Debug|Any CPU.ActiveCfg = Debug|Any CPU
		{0062D141-300D-4B6D-8938-34A3CF8C1B2D}.Debug|Any CPU.Build.0 = Debug|Any CPU
		{0062D141-300D-4B6D-8938-34A3CF8C1B2D}.Release|Any CPU.ActiveCfg = Release|Any CPU
		{0062D141-300D-4B6D-8938-34A3CF8C1B2D}.Release|Any CPU.Build.0 = Release|Any CPU
	EndGlobalSection
	GlobalSection(SolutionProperties) = preSolution
		HideSolutionNode = FALSE
	EndGlobalSection
	GlobalSection(ExtensibilityGlobals) = postSolution
		SolutionGuid = {EDA01338-EFD0-46B4-AA68-37A90C36B4AB}
	EndGlobalSection
EndGlobal
