
Microsoft Visual Studio Solution File, Format Version 12.00
# Visual Studio Version 16
VisualStudioVersion = 16.0.29503.13
MinimumVisualStudioVersion = 10.0.40219.1
Project("{FAE04EC0-301F-11D3-BF4B-00C04F79EFBC}") = "P01_StudentSystem", "P01_StudentSystem\P01_StudentSystem.csproj", "{5BFB5C74-04BA-4AFE-8DB6-67F00062B47B}"
EndProject
Project("{FAE04EC0-301F-11D3-BF4B-00C04F79EFBC}") = "P01_StudentSystem.Data", "P01_StudentSystem.Data\P01_StudentSystem.Data.csproj", "{D274399B-1BFF-42DA-AD3A-5D363BC7D135}"
EndProject
Project("{FAE04EC0-301F-11D3-BF4B-00C04F79EFBC}") = "P01_StudentSystem.Data.Models", "P01_StudentSystem.Data.Models\P01_StudentSystem.Data.Models.csproj", "{D09D27A9-38D5-4AA5-A840-7D42A8928515}"
EndProject
Global
	GlobalSection(SolutionConfigurationPlatforms) = preSolution
		Debug|Any CPU = Debug|Any CPU
		Release|Any CPU = Release|Any CPU
	EndGlobalSection
	GlobalSection(ProjectConfigurationPlatforms) = postSolution
		{5BFB5C74-04BA-4AFE-8DB6-67F00062B47B}.Debug|Any CPU.ActiveCfg = Debug|Any CPU
		{5BFB5C74-04BA-4AFE-8DB6-67F00062B47B}.Debug|Any CPU.Build.0 = Debug|Any CPU
		{5BFB5C74-04BA-4AFE-8DB6-67F00062B47B}.Release|Any CPU.ActiveCfg = Release|Any CPU
		{5BFB5C74-04BA-4AFE-8DB6-67F00062B47B}.Release|Any CPU.Build.0 = Release|Any CPU
		{D274399B-1BFF-42DA-AD3A-5D363BC7D135}.Debug|Any CPU.ActiveCfg = Debug|Any CPU
		{D274399B-1BFF-42DA-AD3A-5D363BC7D135}.Debug|Any CPU.Build.0 = Debug|Any CPU
		{D274399B-1BFF-42DA-AD3A-5D363BC7D135}.Release|Any CPU.ActiveCfg = Release|Any CPU
		{D274399B-1BFF-42DA-AD3A-5D363BC7D135}.Release|Any CPU.Build.0 = Release|Any CPU
		{D09D27A9-38D5-4AA5-A840-7D42A8928515}.Debug|Any CPU.ActiveCfg = Debug|Any CPU
		{D09D27A9-38D5-4AA5-A840-7D42A8928515}.Debug|Any CPU.Build.0 = Debug|Any CPU
		{D09D27A9-38D5-4AA5-A840-7D42A8928515}.Release|Any CPU.ActiveCfg = Release|Any CPU
		{D09D27A9-38D5-4AA5-A840-7D42A8928515}.Release|Any CPU.Build.0 = Release|Any CPU
	EndGlobalSection
	GlobalSection(SolutionProperties) = preSolution
		HideSolutionNode = FALSE
	EndGlobalSection
	GlobalSection(ExtensibilityGlobals) = postSolution
		SolutionGuid = {D13E4DED-E9F3-4CC5-B3C6-A3693C87BB3E}
	EndGlobalSection
EndGlobal
