
Microsoft Visual Studio Solution File, Format Version 12.00
# Visual Studio Version 16
VisualStudioVersion = 16.0.29503.13
MinimumVisualStudioVersion = 10.0.40219.1
Project("{2150E333-8FDC-42A3-9474-1A3956D46DE8}") = "Data", "Data", "{E53ABC5A-FBF0-42BF-9851-050ED52D88C8}"
EndProject
Project("{2150E333-8FDC-42A3-9474-1A3956D46DE8}") = "Services", "Services", "{1018C20A-CD2E-437D-9156-89A1A5AC8AA0}"
EndProject
Project("{9A19103F-16F7-4668-BE54-9A1E7A4F7556}") = "PetStore.Data", "Data\PetStore.Data\PetStore.Data.csproj", "{62455AA6-25D3-4C43-A9C4-7AF840B9141A}"
EndProject
Project("{9A19103F-16F7-4668-BE54-9A1E7A4F7556}") = "PetStore.Data.Models", "Data\PetStore.Data.Models\PetStore.Data.Models.csproj", "{648496D4-3522-47E4-9386-4BFCCF2A2E3A}"
EndProject
Project("{9A19103F-16F7-4668-BE54-9A1E7A4F7556}") = "PetStore.Services", "Services\PetStore.Services\PetStore.Services.csproj", "{7B5F7FC6-2B3E-4D11-869B-65F351887AA9}"
EndProject
Project("{9A19103F-16F7-4668-BE54-9A1E7A4F7556}") = "PetStore.Services.Models", "Services\PetStore.Services.Models\PetStore.Services.Models.csproj", "{D790AFC4-44EB-47F7-B6DE-1848441F60CE}"
EndProject
Project("{FAE04EC0-301F-11D3-BF4B-00C04F79EFBC}") = "PetStore.Web", "PetStore.Web\PetStore.Web.csproj", "{CF421C4F-D696-4621-BA60-F1BEBADC3DBF}"
EndProject
Global
	GlobalSection(SolutionConfigurationPlatforms) = preSolution
		Debug|Any CPU = Debug|Any CPU
		Release|Any CPU = Release|Any CPU
	EndGlobalSection
	GlobalSection(ProjectConfigurationPlatforms) = postSolution
		{62455AA6-25D3-4C43-A9C4-7AF840B9141A}.Debug|Any CPU.ActiveCfg = Debug|Any CPU
		{62455AA6-25D3-4C43-A9C4-7AF840B9141A}.Debug|Any CPU.Build.0 = Debug|Any CPU
		{62455AA6-25D3-4C43-A9C4-7AF840B9141A}.Release|Any CPU.ActiveCfg = Release|Any CPU
		{62455AA6-25D3-4C43-A9C4-7AF840B9141A}.Release|Any CPU.Build.0 = Release|Any CPU
		{648496D4-3522-47E4-9386-4BFCCF2A2E3A}.Debug|Any CPU.ActiveCfg = Debug|Any CPU
		{648496D4-3522-47E4-9386-4BFCCF2A2E3A}.Debug|Any CPU.Build.0 = Debug|Any CPU
		{648496D4-3522-47E4-9386-4BFCCF2A2E3A}.Release|Any CPU.ActiveCfg = Release|Any CPU
		{648496D4-3522-47E4-9386-4BFCCF2A2E3A}.Release|Any CPU.Build.0 = Release|Any CPU
		{7B5F7FC6-2B3E-4D11-869B-65F351887AA9}.Debug|Any CPU.ActiveCfg = Debug|Any CPU
		{7B5F7FC6-2B3E-4D11-869B-65F351887AA9}.Debug|Any CPU.Build.0 = Debug|Any CPU
		{7B5F7FC6-2B3E-4D11-869B-65F351887AA9}.Release|Any CPU.ActiveCfg = Release|Any CPU
		{7B5F7FC6-2B3E-4D11-869B-65F351887AA9}.Release|Any CPU.Build.0 = Release|Any CPU
		{D790AFC4-44EB-47F7-B6DE-1848441F60CE}.Debug|Any CPU.ActiveCfg = Debug|Any CPU
		{D790AFC4-44EB-47F7-B6DE-1848441F60CE}.Debug|Any CPU.Build.0 = Debug|Any CPU
		{D790AFC4-44EB-47F7-B6DE-1848441F60CE}.Release|Any CPU.ActiveCfg = Release|Any CPU
		{D790AFC4-44EB-47F7-B6DE-1848441F60CE}.Release|Any CPU.Build.0 = Release|Any CPU
		{CF421C4F-D696-4621-BA60-F1BEBADC3DBF}.Debug|Any CPU.ActiveCfg = Debug|Any CPU
		{CF421C4F-D696-4621-BA60-F1BEBADC3DBF}.Debug|Any CPU.Build.0 = Debug|Any CPU
		{CF421C4F-D696-4621-BA60-F1BEBADC3DBF}.Release|Any CPU.ActiveCfg = Release|Any CPU
		{CF421C4F-D696-4621-BA60-F1BEBADC3DBF}.Release|Any CPU.Build.0 = Release|Any CPU
	EndGlobalSection
	GlobalSection(SolutionProperties) = preSolution
		HideSolutionNode = FALSE
	EndGlobalSection
	GlobalSection(NestedProjects) = preSolution
		{62455AA6-25D3-4C43-A9C4-7AF840B9141A} = {E53ABC5A-FBF0-42BF-9851-050ED52D88C8}
		{648496D4-3522-47E4-9386-4BFCCF2A2E3A} = {E53ABC5A-FBF0-42BF-9851-050ED52D88C8}
		{7B5F7FC6-2B3E-4D11-869B-65F351887AA9} = {1018C20A-CD2E-437D-9156-89A1A5AC8AA0}
		{D790AFC4-44EB-47F7-B6DE-1848441F60CE} = {1018C20A-CD2E-437D-9156-89A1A5AC8AA0}
	EndGlobalSection
	GlobalSection(ExtensibilityGlobals) = postSolution
		SolutionGuid = {F3B856EA-4004-4B7C-A221-D4D80823C21D}
	EndGlobalSection
EndGlobal
